github.com/joeshaw/envdecode v0.0.0-20200121155833-099f1fc765bd h1:nIzoSW6OhhppWLm4yqBwZsKJlAayUu5FGozhrF3ETSM=
github.com/joeshaw/envdecode v0.0.0-20200121155833-099f1fc765bd/go.mod h1:MEQrHur0g8VplbLOv5vXmDzacSaH9Z7XhcgsSh1xciU=
github.com/joho/godotenv v1.5.1 h1:7eLL/+HRGLY0ldzfGMeQkb7vMd0as4CfYvUVzLqw0N0=
github.com/joho/godotenv v1.5.1/go.mod h1:f4LDr5Voq0i2e/R5DDNOoa2zzDfwtkZa6DnEwAbqwq4=
github.com/mitranim/cmd v0.1.1 h1:iMY6zBQaTYaXbnCZQwa0fpEJE/Lgt519WaVdW+1k6y0=
github.com/mitranim/cmd v0.1.1/go.mod h1:L3wDcJjmhcGOLadn3C1DXAbfXS+Z3eelIJmtLo1Gl7U=
github.com/mitranim/gg v0.1.6 h1:ngIz96KQg8e24JuFPYb8r1KfoJMDJ/IGYRtqKFMOl4M=
github.com/mitranim/gg v0.1.6/go.mod h1:x2V+nJJOpeMl/XEoHou9zlTvFxYAcGOCqOAKpVkF0Yc=
github.com/mitranim/gr v0.1.12 h1:pmHVLMUC8coHGpZasD1RQ/7n01KtOerhLTREQ/Svj4k=
github.com/mitranim/gr v0.1.12/go.mod h1:+KWiSN9jztMUxh9ljLxHmg8B7v6vCT/iZ2XD1AQn9JY=
github.com/mitranim/gt v0.1.21 h1:xqfBLAtbIzWLgOVE4c5WMu7+fPDAsXc4z14Lqa6hXdA=
github.com/mitranim/gt v0.1.21/go.mod h1:rU4w9kksmZemCHWjXNzafhFCYQpCeM2+lGfhEkSNbKk=
github.com/mitranim/rf v0.5.2 h1:Oyr2zOAM4uyytL9oYXX38j5Oh5yINofKA1AmC7Z2DNs=
github.com/mitranim/rf v0.5.2/go.mod h1:nd93fkZKajizpTVRLkoQBaZQFBb54Ne6zSDhrjrtxj4=
