github.com/mitranim/cmd v0.1.1 h1:iMY6zBQaTYaXbnCZQwa0fpEJE/Lgt519WaVdW+1k6y0=
github.com/mitranim/cmd v0.1.1/go.mod h1:L3wDcJjmhcGOLadn3C1DXAbfXS+Z3eelIJmtLo1Gl7U=
github.com/mitranim/gg v0.1.3 h1:nqcDtHO4GJf59kECyUJOl2oTHcV8HPQSvoHGebezL9k=
github.com/mitranim/gg v0.1.3/go.mod h1:x2V+nJJOpeMl/XEoHou9zlTvFxYAcGOCqOAKpVkF0Yc=
